
Microsoft Visual Studio Solution File, Format Version 12.00
# Visual Studio 2012
Project("{FAE04EC0-301F-11D3-BF4B-00C04F79EFBC}") = "WpfLambdaConverters", "WpfLambdaConverters\WpfLambdaConverters.csproj", "{53D5129A-F1F6-4925-B3DF-CA8284AFDA0C}"
EndProject
Global
	GlobalSection(SolutionConfigurationPlatforms) = preSolution
		Debug|Any CPU = Debug|Any CPU
		Release|Any CPU = Release|Any CPU
	EndGlobalSection
	GlobalSection(ProjectConfigurationPlatforms) = postSolution
		{53D5129A-F1F6-4925-B3DF-CA8284AFDA0C}.Debug|Any CPU.ActiveCfg = Debug|Any CPU
		{53D5129A-F1F6-4925-B3DF-CA8284AFDA0C}.Debug|Any CPU.Build.0 = Debug|Any CPU
		{53D5129A-F1F6-4925-B3DF-CA8284AFDA0C}.Release|Any CPU.ActiveCfg = Release|Any CPU
		{53D5129A-F1F6-4925-B3DF-CA8284AFDA0C}.Release|Any CPU.Build.0 = Release|Any CPU
	EndGlobalSection
	GlobalSection(SolutionProperties) = preSolution
		HideSolutionNode = FALSE
	EndGlobalSection
EndGlobal
